
Microsoft Visual Studio Solution File, Format Version 12.00
# Visual Studio Version 17
VisualStudioVersion = 17.9.34622.214
MinimumVisualStudioVersion = 10.0.40219.1
Project("{FAE04EC0-301F-11D3-BF4B-00C04F79EFBC}") = "atividade40 06-03", "atividade40 06-03\atividade40 06-03.csproj", "{1D7FED30-5483-4413-9DB0-3248931DC215}"
EndProject
Global
	GlobalSection(SolutionConfigurationPlatforms) = preSolution
		Debug|Any CPU = Debug|Any CPU
		Release|Any CPU = Release|Any CPU
	EndGlobalSection
	GlobalSection(ProjectConfigurationPlatforms) = postSolution
		{1D7FED30-5483-4413-9DB0-3248931DC215}.Debug|Any CPU.ActiveCfg = Debug|Any CPU
		{1D7FED30-5483-4413-9DB0-3248931DC215}.Debug|Any CPU.Build.0 = Debug|Any CPU
		{1D7FED30-5483-4413-9DB0-3248931DC215}.Release|Any CPU.ActiveCfg = Release|Any CPU
		{1D7FED30-5483-4413-9DB0-3248931DC215}.Release|Any CPU.Build.0 = Release|Any CPU
	EndGlobalSection
	GlobalSection(SolutionProperties) = preSolution
		HideSolutionNode = FALSE
	EndGlobalSection
	GlobalSection(ExtensibilityGlobals) = postSolution
		SolutionGuid = {682F33C4-7707-4A0D-BC12-868E11A2FA22}
	EndGlobalSection
EndGlobal
